
Microsoft Visual Studio Solution File, Format Version 12.00
Project("{FAE04EC0-301F-11D3-BF4B-00C04F79EFBC}") = "Catering", "Catering\Catering.csproj", "{D8A5766A-A94D-44C6-8C02-C3DD115CF01F}"
EndProject
Project("{FAE04EC0-301F-11D3-BF4B-00C04F79EFBC}") = "Sandbox", "Sandbox\Sandbox.csproj", "{5EF16667-A81D-40DD-AE4F-8AB092E96CAC}"
EndProject
Project("{FAE04EC0-301F-11D3-BF4B-00C04F79EFBC}") = "CoffeeShop", "CoffeeShop\CoffeeShop.csproj", "{09F1EDCA-CEEA-42AD-A57C-1656F5B7773A}"
EndProject
Project("{FAE04EC0-301F-11D3-BF4B-00C04F79EFBC}") = "Cars", "Cars\Cars.csproj", "{1EE73519-C515-4723-8318-0243EE6962FD}"
EndProject
Project("{FAE04EC0-301F-11D3-BF4B-00C04F79EFBC}") = "Ships", "Ships\Ships.csproj", "{B30ED081-F57B-4CE9-8555-BD3D0BD7EB6F}"
EndProject
Global
	GlobalSection(SolutionConfigurationPlatforms) = preSolution
		Debug|Any CPU = Debug|Any CPU
		Release|Any CPU = Release|Any CPU
	EndGlobalSection
	GlobalSection(ProjectConfigurationPlatforms) = postSolution
		{D8A5766A-A94D-44C6-8C02-C3DD115CF01F}.Debug|Any CPU.ActiveCfg = Debug|Any CPU
		{D8A5766A-A94D-44C6-8C02-C3DD115CF01F}.Debug|Any CPU.Build.0 = Debug|Any CPU
		{D8A5766A-A94D-44C6-8C02-C3DD115CF01F}.Release|Any CPU.ActiveCfg = Release|Any CPU
		{D8A5766A-A94D-44C6-8C02-C3DD115CF01F}.Release|Any CPU.Build.0 = Release|Any CPU
		{5EF16667-A81D-40DD-AE4F-8AB092E96CAC}.Debug|Any CPU.ActiveCfg = Debug|Any CPU
		{5EF16667-A81D-40DD-AE4F-8AB092E96CAC}.Debug|Any CPU.Build.0 = Debug|Any CPU
		{5EF16667-A81D-40DD-AE4F-8AB092E96CAC}.Release|Any CPU.ActiveCfg = Release|Any CPU
		{5EF16667-A81D-40DD-AE4F-8AB092E96CAC}.Release|Any CPU.Build.0 = Release|Any CPU
		{09F1EDCA-CEEA-42AD-A57C-1656F5B7773A}.Debug|Any CPU.ActiveCfg = Debug|Any CPU
		{09F1EDCA-CEEA-42AD-A57C-1656F5B7773A}.Debug|Any CPU.Build.0 = Debug|Any CPU
		{09F1EDCA-CEEA-42AD-A57C-1656F5B7773A}.Release|Any CPU.ActiveCfg = Release|Any CPU
		{09F1EDCA-CEEA-42AD-A57C-1656F5B7773A}.Release|Any CPU.Build.0 = Release|Any CPU
		{1EE73519-C515-4723-8318-0243EE6962FD}.Debug|Any CPU.ActiveCfg = Debug|Any CPU
		{1EE73519-C515-4723-8318-0243EE6962FD}.Debug|Any CPU.Build.0 = Debug|Any CPU
		{1EE73519-C515-4723-8318-0243EE6962FD}.Release|Any CPU.ActiveCfg = Release|Any CPU
		{1EE73519-C515-4723-8318-0243EE6962FD}.Release|Any CPU.Build.0 = Release|Any CPU
		{B30ED081-F57B-4CE9-8555-BD3D0BD7EB6F}.Debug|Any CPU.ActiveCfg = Debug|Any CPU
		{B30ED081-F57B-4CE9-8555-BD3D0BD7EB6F}.Debug|Any CPU.Build.0 = Debug|Any CPU
		{B30ED081-F57B-4CE9-8555-BD3D0BD7EB6F}.Release|Any CPU.ActiveCfg = Release|Any CPU
		{B30ED081-F57B-4CE9-8555-BD3D0BD7EB6F}.Release|Any CPU.Build.0 = Release|Any CPU
	EndGlobalSection
EndGlobal
